
Microsoft Visual Studio Solution File, Format Version 12.00
# Visual Studio Version 16
VisualStudioVersion = 16.0.28803.156
MinimumVisualStudioVersion = 10.0.40219.1
Project("{8BC9CEB8-8B4A-11D0-8D11-00A0C91BC942}") = "Project6", "Project6\Project6.vcxproj", "{E6046BDE-21BA-480D-B7D6-C93B87C0047C}"
EndProject
Global
	GlobalSection(SolutionConfigurationPlatforms) = preSolution
		Debug|x64 = Debug|x64
		Debug|x86 = Debug|x86
		Release|x64 = Release|x64
		Release|x86 = Release|x86
	EndGlobalSection
	GlobalSection(ProjectConfigurationPlatforms) = postSolution
		{E6046BDE-21BA-480D-B7D6-C93B87C0047C}.Debug|x64.ActiveCfg = Debug|x64
		{E6046BDE-21BA-480D-B7D6-C93B87C0047C}.Debug|x64.Build.0 = Debug|x64
		{E6046BDE-21BA-480D-B7D6-C93B87C0047C}.Debug|x86.ActiveCfg = Debug|Win32
		{E6046BDE-21BA-480D-B7D6-C93B87C0047C}.Debug|x86.Build.0 = Debug|Win32
		{E6046BDE-21BA-480D-B7D6-C93B87C0047C}.Release|x64.ActiveCfg = Release|x64
		{E6046BDE-21BA-480D-B7D6-C93B87C0047C}.Release|x64.Build.0 = Release|x64
		{E6046BDE-21BA-480D-B7D6-C93B87C0047C}.Release|x86.ActiveCfg = Release|Win32
		{E6046BDE-21BA-480D-B7D6-C93B87C0047C}.Release|x86.Build.0 = Release|Win32
	EndGlobalSection
	GlobalSection(SolutionProperties) = preSolution
		HideSolutionNode = FALSE
	EndGlobalSection
	GlobalSection(ExtensibilityGlobals) = postSolution
		SolutionGuid = {40B09474-AFE5-438E-86E0-76B888F853E0}
	EndGlobalSection
EndGlobal
